
Microsoft Visual Studio Solution File, Format Version 12.00
# Visual Studio Version 17
VisualStudioVersion = 17.10.34928.147
MinimumVisualStudioVersion = 10.0.40219.1
Project("{FAE04EC0-301F-11D3-BF4B-00C04F79EFBC}") = "BusinessManagementReporting.API", "BusinessManagementReporting.API\BusinessManagementReporting.API.csproj", "{216320A5-082E-4888-B8C2-5F78A2EE06EC}"
EndProject
Project("{FAE04EC0-301F-11D3-BF4B-00C04F79EFBC}") = "BusinessManagementReporting.Core", "BusinessManagementReporting.Core\BusinessManagementReporting.Core.csproj", "{61A32C02-E55D-42FD-9499-42BDD62BDF2F}"
EndProject
Project("{FAE04EC0-301F-11D3-BF4B-00C04F79EFBC}") = "BusinessManagementReporting.Infrastructure", "BusinessManagementReporting.Infrastructure\BusinessManagementReporting.Infrastructure.csproj", "{0DEF35CE-0A2C-403F-A25E-B81341EBFBC4}"
EndProject
Project("{FAE04EC0-301F-11D3-BF4B-00C04F79EFBC}") = "BusinessManagementReporting.Services", "BusinessManagementReporting.Services\BusinessManagementReporting.Services.csproj", "{A81318E0-091E-4ACC-A472-24C48B1F70C2}"
EndProject
Global
	GlobalSection(SolutionConfigurationPlatforms) = preSolution
		Debug|Any CPU = Debug|Any CPU
		Release|Any CPU = Release|Any CPU
	EndGlobalSection
	GlobalSection(ProjectConfigurationPlatforms) = postSolution
		{216320A5-082E-4888-B8C2-5F78A2EE06EC}.Debug|Any CPU.ActiveCfg = Debug|Any CPU
		{216320A5-082E-4888-B8C2-5F78A2EE06EC}.Debug|Any CPU.Build.0 = Debug|Any CPU
		{216320A5-082E-4888-B8C2-5F78A2EE06EC}.Release|Any CPU.ActiveCfg = Release|Any CPU
		{216320A5-082E-4888-B8C2-5F78A2EE06EC}.Release|Any CPU.Build.0 = Release|Any CPU
		{61A32C02-E55D-42FD-9499-42BDD62BDF2F}.Debug|Any CPU.ActiveCfg = Debug|Any CPU
		{61A32C02-E55D-42FD-9499-42BDD62BDF2F}.Debug|Any CPU.Build.0 = Debug|Any CPU
		{61A32C02-E55D-42FD-9499-42BDD62BDF2F}.Release|Any CPU.ActiveCfg = Release|Any CPU
		{61A32C02-E55D-42FD-9499-42BDD62BDF2F}.Release|Any CPU.Build.0 = Release|Any CPU
		{0DEF35CE-0A2C-403F-A25E-B81341EBFBC4}.Debug|Any CPU.ActiveCfg = Debug|Any CPU
		{0DEF35CE-0A2C-403F-A25E-B81341EBFBC4}.Debug|Any CPU.Build.0 = Debug|Any CPU
		{0DEF35CE-0A2C-403F-A25E-B81341EBFBC4}.Release|Any CPU.ActiveCfg = Release|Any CPU
		{0DEF35CE-0A2C-403F-A25E-B81341EBFBC4}.Release|Any CPU.Build.0 = Release|Any CPU
		{A81318E0-091E-4ACC-A472-24C48B1F70C2}.Debug|Any CPU.ActiveCfg = Debug|Any CPU
		{A81318E0-091E-4ACC-A472-24C48B1F70C2}.Debug|Any CPU.Build.0 = Debug|Any CPU
		{A81318E0-091E-4ACC-A472-24C48B1F70C2}.Release|Any CPU.ActiveCfg = Release|Any CPU
		{A81318E0-091E-4ACC-A472-24C48B1F70C2}.Release|Any CPU.Build.0 = Release|Any CPU
	EndGlobalSection
	GlobalSection(SolutionProperties) = preSolution
		HideSolutionNode = FALSE
	EndGlobalSection
	GlobalSection(ExtensibilityGlobals) = postSolution
		SolutionGuid = {7039B227-4686-4263-B148-3334045DC473}
	EndGlobalSection
EndGlobal
